{
  "name": "example-nodejs",
  "version": "1.0.0",
  "lockfileVersion": 3,
  "requires": true,
  "packages": {
    "": {
      "name": "example-nodejs",
      "version": "1.0.0",
      "workspaces": [
        "packages/*"
      ]
    },
    "node_modules/api": {
      "resolved": "packages/api",
      "link": true
    },
    "node_modules/lib": {
      "resolved": "packages/lib",
      "link": true
    },
    "packages/api": {
      "version": "1.0.0",
      "license": "ISC",
      "dependencies": {
        "lib": "1.0.0"
      }
    },
    "packages/lib": {
      "version": "1.0.0"
    },
    "packages/library": {
      "version": "1.0.0",
      "extraneous": true
    }
  }
}
